
Microsoft Visual Studio Solution File, Format Version 12.00
# Visual Studio Version 18
VisualStudioVersion = 18.5.11723.231 stable
MinimumVisualStudioVersion = 10.0.40219.1
Project("{FAE04EC0-301F-11D3-BF4B-00C04F79EFBC}") = "Sistema de Biblioteca no6", "Sistema de Biblioteca no6.csproj", "{5DB563B9-1758-3C65-BF47-20ADDC99B23E}"
EndProject
Global
	GlobalSection(SolutionConfigurationPlatforms) = preSolution
		Debug|Any CPU = Debug|Any CPU
		Release|Any CPU = Release|Any CPU
	EndGlobalSection
	GlobalSection(ProjectConfigurationPlatforms) = postSolution
		{5DB563B9-1758-3C65-BF47-20ADDC99B23E}.Debug|Any CPU.ActiveCfg = Debug|Any CPU
		{5DB563B9-1758-3C65-BF47-20ADDC99B23E}.Debug|Any CPU.Build.0 = Debug|Any CPU
		{5DB563B9-1758-3C65-BF47-20ADDC99B23E}.Release|Any CPU.ActiveCfg = Release|Any CPU
		{5DB563B9-1758-3C65-BF47-20ADDC99B23E}.Release|Any CPU.Build.0 = Release|Any CPU
	EndGlobalSection
	GlobalSection(SolutionProperties) = preSolution
		HideSolutionNode = FALSE
	EndGlobalSection
	GlobalSection(ExtensibilityGlobals) = postSolution
		SolutionGuid = {65EC13EE-0535-4489-A689-6B810F04168D}
	EndGlobalSection
EndGlobal
